version: 1.0
shards:
  kemal:
    github: sdogruyol/kemal
    commit: c9b206d1d61ffc4f372828ee64dd9579388ac5ed

  kemal-pg:
    github: sdogruyol/kemal-pg
    commit: ca798dc1ca68aa5e81ba5dda1023e1e7e823209c

  kilt:
    github: jeromegn/kilt
    version: 0.3.3

  pg:
    github: will/crystal-pg
    commit: 7a386e95a8bc31c49d17b06233ac018c1a9d7909

  pool:
    github: ysbaddaden/pool
    commit: c4ecfad1b87fbd8c6484d1fd536ccfd14c40cc94

  radix:
    github: luislavena/radix
    version: 0.3.0

