version: 1.0
shards:
  db:
    github: crystal-lang/crystal-db
    commit: 1e882e35d201d3fc8f7e0f549c0844e4fbe614f5

  kemal:
    github: sdogruyol/kemal
    commit: 8cf3f67594394665db2b17f9675ca38fbf427ef5

  kilt:
    github: jeromegn/kilt
    version: 0.4.0

  radix:
    github: luislavena/radix
    version: 0.3.8

